{
  "name": "nevada-reinvent",
  "version": "0.1.3",
  "lockfileVersion": 3,
  "requires": true,
  "packages": {
    "": {
      "name": "nevada-reinvent",
      "version": "0.1.3",
      "license": "MIT",
      "bin": {
        "nevada-reinvent": "server/index.mjs"
      },
      "devDependencies": {
        "@kaltura/intelligent-agents": "https://github.com/kaltura/intelligent-agents-sdk/archive/80149abd18d322cf95b00d1494e5fc10d950722e.tar.gz"
      },
      "engines": {
        "node": ">=20.6"
      }
    },
    "node_modules/@kaltura/intelligent-agents": {
      "version": "1.26.1",
      "resolved": "https://github.com/kaltura/intelligent-agents-sdk/archive/80149abd18d322cf95b00d1494e5fc10d950722e.tar.gz",
      "integrity": "sha512-zOilJ/e6C/N7hysk+W5+XR6v9BoKidvRlUXxsv/4Nl9jfhihQCraEvReWPWHG9mjog/4pPu/MAPGHeeU4OURXQ==",
      "dev": true,
      "license": "MIT",
      "engines": {
        "node": ">=18"
      }
    }
  }
}
