{
  "name": "nevada-reinvent",
  "version": "0.1.1",
  "lockfileVersion": 3,
  "requires": true,
  "packages": {
    "": {
      "name": "nevada-reinvent",
      "version": "0.1.1",
      "license": "MIT",
      "bin": {
        "nevada-reinvent": "server/index.mjs"
      },
      "devDependencies": {
        "@kaltura/intelligent-agents": "https://github.com/kaltura/intelligent-agents-sdk/archive/c581d6b994e09aad0cd74df3550275466d5e7007.tar.gz"
      },
      "engines": {
        "node": ">=20.6"
      }
    },
    "node_modules/@kaltura/intelligent-agents": {
      "version": "1.26.0",
      "resolved": "https://github.com/kaltura/intelligent-agents-sdk/archive/c581d6b994e09aad0cd74df3550275466d5e7007.tar.gz",
      "integrity": "sha512-afSjt+wkYMG0e1Y1X7BDrjKxMrxU6JButW4jwWdRotmfF/eBJtxpeZY4aoKuWamIj1v1V11B9u7poWjZ/rSURQ==",
      "dev": true,
      "license": "MIT",
      "engines": {
        "node": ">=18"
      }
    }
  }
}
