{
  "name": "nevada",
  "lockfileVersion": 3,
  "requires": true,
  "packages": {
    "": {
      "name": "nevada",
      "dependencies": {
        "@kaltura/intelligent-agents": "github:kaltura/intelligent-agents-sdk#v1.23.2"
      },
      "engines": {
        "node": ">=20.6"
      }
    },
    "node_modules/@kaltura/intelligent-agents": {
      "version": "1.23.2",
      "resolved": "git+ssh://git@github.com/kaltura/intelligent-agents-sdk.git#ece0dcb9cdd8a01bd9a11d1d45167986075c34fb",
      "license": "MIT",
      "engines": {
        "node": ">=18"
      }
    }
  }
}
